
Microsoft Visual Studio Solution File, Format Version 12.00
# Visual Studio Version 16
VisualStudioVersion = 16.0.30907.101
MinimumVisualStudioVersion = 10.0.40219.1
Project("{9A19103F-16F7-4668-BE54-9A1E7A4F7556}") = "WebApp", "WebApp.csproj", "{42D5CC86-3E7A-4BFA-A322-8009C9EDE328}"
EndProject
Global
	GlobalSection(SolutionConfigurationPlatforms) = preSolution
		Debug|Any CPU = Debug|Any CPU
		Release|Any CPU = Release|Any CPU
	EndGlobalSection
	GlobalSection(ProjectConfigurationPlatforms) = postSolution
		{42D5CC86-3E7A-4BFA-A322-8009C9EDE328}.Debug|Any CPU.ActiveCfg = Debug|Any CPU
		{42D5CC86-3E7A-4BFA-A322-8009C9EDE328}.Debug|Any CPU.Build.0 = Debug|Any CPU
		{42D5CC86-3E7A-4BFA-A322-8009C9EDE328}.Release|Any CPU.ActiveCfg = Release|Any CPU
		{42D5CC86-3E7A-4BFA-A322-8009C9EDE328}.Release|Any CPU.Build.0 = Release|Any CPU
	EndGlobalSection
	GlobalSection(SolutionProperties) = preSolution
		HideSolutionNode = FALSE
	EndGlobalSection
	GlobalSection(ExtensibilityGlobals) = postSolution
		SolutionGuid = {9996E0C3-C759-46FC-B3E4-C8FA28B6CB55}
	EndGlobalSection
EndGlobal
